
Microsoft Visual Studio Solution File, Format Version 12.00
# Visual Studio Version 16
VisualStudioVersion = 16.0.29709.97
MinimumVisualStudioVersion = 10.0.40219.1
Project("{FAE04EC0-301F-11D3-BF4B-00C04F79EFBC}") = "RestauranteSenac", "RestauranteSenac\RestauranteSenac.csproj", "{CBDAAB71-E0E1-4120-9EAA-5C2966E1205B}"
EndProject
Global
	GlobalSection(SolutionConfigurationPlatforms) = preSolution
		Debug|Any CPU = Debug|Any CPU
		Release|Any CPU = Release|Any CPU
	EndGlobalSection
	GlobalSection(ProjectConfigurationPlatforms) = postSolution
		{CBDAAB71-E0E1-4120-9EAA-5C2966E1205B}.Debug|Any CPU.ActiveCfg = Debug|Any CPU
		{CBDAAB71-E0E1-4120-9EAA-5C2966E1205B}.Debug|Any CPU.Build.0 = Debug|Any CPU
		{CBDAAB71-E0E1-4120-9EAA-5C2966E1205B}.Release|Any CPU.ActiveCfg = Release|Any CPU
		{CBDAAB71-E0E1-4120-9EAA-5C2966E1205B}.Release|Any CPU.Build.0 = Release|Any CPU
	EndGlobalSection
	GlobalSection(SolutionProperties) = preSolution
		HideSolutionNode = FALSE
	EndGlobalSection
	GlobalSection(ExtensibilityGlobals) = postSolution
		SolutionGuid = {FD996063-3E2B-40C8-A7E5-806BF8882F74}
	EndGlobalSection
EndGlobal
